// !$*UTF8*$!
{
	archiveVersion = 1;
	classes = {
	};
	objectVersion = 46;
	objects = {

/* Begin PBXBuildFile section */
		382066E1159BB9C800326787 /* Ogre.framework in Frameworks */ = {isa = PBXBuildFile; fileRef = 382066E0159BB9C800326787 /* Ogre.framework */; };
		382066E4159BB9F000326787 /* Cg.framework in Frameworks */ = {isa = PBXBuildFile; fileRef = 382066E3159BB9F000326787 /* Cg.framework */; };
		382066E5159BBA0400326787 /* BaseApplication.cpp in Sources */ = {isa = PBXBuildFile; fileRef = 38359E35159BB8980024AFE6 /* BaseApplication.cpp */; };
		382066E7159BBA0700326787 /* TutorialApplication.cpp in Sources */ = {isa = PBXBuildFile; fileRef = 38359E37159BB8980024AFE6 /* TutorialApplication.cpp */; };
		382066F5159BBC6500326787 /* Foundation.framework in Frameworks */ = {isa = PBXBuildFile; fileRef = 38D9A394159BB76200CCDA4B /* Foundation.framework */; };
		382066F6159BBC6C00326787 /* AppKit.framework in Frameworks */ = {isa = PBXBuildFile; fileRef = 38D9A392159BB76200CCDA4B /* AppKit.framework */; };
		382066F9159BBCA400326787 /* Carbon.framework in Frameworks */ = {isa = PBXBuildFile; fileRef = 382066F7159BBC7200326787 /* Carbon.framework */; };
		382066FA159BBCA900326787 /* IOKit.framework in Frameworks */ = {isa = PBXBuildFile; fileRef = 382066F3159BBC5F00326787 /* IOKit.framework */; };
/* End PBXBuildFile section */

/* Begin PBXFileReference section */
		382066E0159BB9C800326787 /* Ogre.framework */ = {isa = PBXFileReference; lastKnownFileType = wrapper.framework; name = Ogre.framework; path = ../../../../Developer/SDKs/OgreSDK/lib/release/Ogre.framework; sourceTree = "<group>"; };
		382066E3159BB9F000326787 /* Cg.framework */ = {isa = PBXFileReference; lastKnownFileType = wrapper.framework; name = Cg.framework; path = /Library/Frameworks/Cg.framework; sourceTree = "<absolute>"; };
		382066F3159BBC5F00326787 /* IOKit.framework */ = {isa = PBXFileReference; lastKnownFileType = wrapper.framework; name = IOKit.framework; path = /System/Library/Frameworks/IOKit.framework; sourceTree = "<absolute>"; };
		382066F7159BBC7200326787 /* Carbon.framework */ = {isa = PBXFileReference; lastKnownFileType = wrapper.framework; name = Carbon.framework; path = /System/Library/Frameworks/Carbon.framework; sourceTree = "<absolute>"; };
		38359E35159BB8980024AFE6 /* BaseApplication.cpp */ = {isa = PBXFileReference; lastKnownFileType = sourcecode.cpp.cpp; name = BaseApplication.cpp; path = Classes/BaseApplication.cpp; sourceTree = "<group>"; };
		38359E36159BB8980024AFE6 /* BaseApplication.h */ = {isa = PBXFileReference; lastKnownFileType = sourcecode.c.h; name = BaseApplication.h; path = Classes/BaseApplication.h; sourceTree = "<group>"; };
		38359E37159BB8980024AFE6 /* TutorialApplication.cpp */ = {isa = PBXFileReference; lastKnownFileType = sourcecode.cpp.cpp; name = TutorialApplication.cpp; path = Classes/TutorialApplication.cpp; sourceTree = "<group>"; };
		38359E38159BB8980024AFE6 /* TutorialApplication.h */ = {isa = PBXFileReference; lastKnownFileType = sourcecode.c.h; name = TutorialApplication.h; path = Classes/TutorialApplication.h; sourceTree = "<group>"; };
		38D9A38B159BB76200CCDA4B /* OgreBase.app */ = {isa = PBXFileReference; explicitFileType = wrapper.application; includeInIndex = 0; path = OgreBase.app; sourceTree = BUILT_PRODUCTS_DIR; };
		38D9A392159BB76200CCDA4B /* AppKit.framework */ = {isa = PBXFileReference; lastKnownFileType = wrapper.framework; name = AppKit.framework; path = System/Library/Frameworks/AppKit.framework; sourceTree = SDKROOT; };
		38D9A393159BB76200CCDA4B /* CoreData.framework */ = {isa = PBXFileReference; lastKnownFileType = wrapper.framework; name = CoreData.framework; path = System/Library/Frameworks/CoreData.framework; sourceTree = SDKROOT; };
		38D9A394159BB76200CCDA4B /* Foundation.framework */ = {isa = PBXFileReference; lastKnownFileType = wrapper.framework; name = Foundation.framework; path = System/Library/Frameworks/Foundation.framework; sourceTree = SDKROOT; };
		38D9A397159BB76200CCDA4B /* OgreBase-Info.plist */ = {isa = PBXFileReference; lastKnownFileType = text.plist.xml; path = "OgreBase-Info.plist"; sourceTree = "<group>"; };
/* End PBXFileReference section */

/* Begin PBXFrameworksBuildPhase section */
		38D9A388159BB76200CCDA4B /* Frameworks */ = {
			isa = PBXFrameworksBuildPhase;
			buildActionMask = 2147483647;
			files = (
				382066F9159BBCA400326787 /* Carbon.framework in Frameworks */,
				382066FA159BBCA900326787 /* IOKit.framework in Frameworks */,
				382066F6159BBC6C00326787 /* AppKit.framework in Frameworks */,
				382066F5159BBC6500326787 /* Foundation.framework in Frameworks */,
				382066E4159BB9F000326787 /* Cg.framework in Frameworks */,
				382066E1159BB9C800326787 /* Ogre.framework in Frameworks */,
			);
			runOnlyForDeploymentPostprocessing = 0;
		};
/* End PBXFrameworksBuildPhase section */

/* Begin PBXGroup section */
		38359E2F159BB84C0024AFE6 /* Classes */ = {
			isa = PBXGroup;
			children = (
				38359E35159BB8980024AFE6 /* BaseApplication.cpp */,
				38359E36159BB8980024AFE6 /* BaseApplication.h */,
				38359E37159BB8980024AFE6 /* TutorialApplication.cpp */,
				38359E38159BB8980024AFE6 /* TutorialApplication.h */,
			);
			name = Classes;
			path = OgreBase;
			sourceTree = "<group>";
		};
		38D9A380159BB76200CCDA4B = {
			isa = PBXGroup;
			children = (
				38359E2F159BB84C0024AFE6 /* Classes */,
				38D9A38E159BB76200CCDA4B /* Frameworks */,
				38D9A395159BB76200CCDA4B /* OgreBase */,
				38D9A38C159BB76200CCDA4B /* Products */,
			);
			sourceTree = "<group>";
		};
		38D9A38C159BB76200CCDA4B /* Products */ = {
			isa = PBXGroup;
			children = (
				38D9A38B159BB76200CCDA4B /* OgreBase.app */,
			);
			name = Products;
			sourceTree = "<group>";
		};
		38D9A38E159BB76200CCDA4B /* Frameworks */ = {
			isa = PBXGroup;
			children = (
				382066F7159BBC7200326787 /* Carbon.framework */,
				382066F3159BBC5F00326787 /* IOKit.framework */,
				382066E3159BB9F000326787 /* Cg.framework */,
				382066E0159BB9C800326787 /* Ogre.framework */,
				38D9A391159BB76200CCDA4B /* Other Frameworks */,
			);
			name = Frameworks;
			sourceTree = "<group>";
		};
		38D9A391159BB76200CCDA4B /* Other Frameworks */ = {
			isa = PBXGroup;
			children = (
				38D9A392159BB76200CCDA4B /* AppKit.framework */,
				38D9A393159BB76200CCDA4B /* CoreData.framework */,
				38D9A394159BB76200CCDA4B /* Foundation.framework */,
			);
			name = "Other Frameworks";
			sourceTree = "<group>";
		};
		38D9A395159BB76200CCDA4B /* OgreBase */ = {
			isa = PBXGroup;
			children = (
				38D9A396159BB76200CCDA4B /* Supporting Files */,
			);
			path = OgreBase;
			sourceTree = "<group>";
		};
		38D9A396159BB76200CCDA4B /* Supporting Files */ = {
			isa = PBXGroup;
			children = (
				38D9A397159BB76200CCDA4B /* OgreBase-Info.plist */,
			);
			name = "Supporting Files";
			sourceTree = "<group>";
		};
/* End PBXGroup section */

/* Begin PBXNativeTarget section */
		38D9A38A159BB76200CCDA4B /* OgreBase */ = {
			isa = PBXNativeTarget;
			buildConfigurationList = 38D9A3A9159BB76300CCDA4B /* Build configuration list for PBXNativeTarget "OgreBase" */;
			buildPhases = (
				38D9A387159BB76200CCDA4B /* Sources */,
				38D9A388159BB76200CCDA4B /* Frameworks */,
				38D9A389159BB76200CCDA4B /* Resources */,
			);
			buildRules = (
			);
			dependencies = (
			);
			name = OgreBase;
			productName = OgreBase;
			productReference = 38D9A38B159BB76200CCDA4B /* OgreBase.app */;
			productType = "com.apple.product-type.application";
		};
/* End PBXNativeTarget section */

/* Begin PBXProject section */
		38D9A382159BB76200CCDA4B /* Project object */ = {
			isa = PBXProject;
			attributes = {
				LastUpgradeCheck = 0430;
			};
			buildConfigurationList = 38D9A385159BB76200CCDA4B /* Build configuration list for PBXProject "OgreBase" */;
			compatibilityVersion = "Xcode 3.2";
			developmentRegion = English;
			hasScannedForEncodings = 0;
			knownRegions = (
				en,
			);
			mainGroup = 38D9A380159BB76200CCDA4B;
			productRefGroup = 38D9A38C159BB76200CCDA4B /* Products */;
			projectDirPath = "";
			projectRoot = "";
			targets = (
				38D9A38A159BB76200CCDA4B /* OgreBase */,
			);
		};
/* End PBXProject section */

/* Begin PBXResourcesBuildPhase section */
		38D9A389159BB76200CCDA4B /* Resources */ = {
			isa = PBXResourcesBuildPhase;
			buildActionMask = 2147483647;
			files = (
			);
			runOnlyForDeploymentPostprocessing = 0;
		};
/* End PBXResourcesBuildPhase section */

/* Begin PBXSourcesBuildPhase section */
		38D9A387159BB76200CCDA4B /* Sources */ = {
			isa = PBXSourcesBuildPhase;
			buildActionMask = 2147483647;
			files = (
				382066E5159BBA0400326787 /* BaseApplication.cpp in Sources */,
				382066E7159BBA0700326787 /* TutorialApplication.cpp in Sources */,
			);
			runOnlyForDeploymentPostprocessing = 0;
		};
/* End PBXSourcesBuildPhase section */

/* Begin XCBuildConfiguration section */
		38D9A3A7159BB76300CCDA4B /* Debug */ = {
			isa = XCBuildConfiguration;
			buildSettings = {
				ALWAYS_SEARCH_USER_PATHS = NO;
				ARCHS = "$(ARCHS_STANDARD_32_BIT)";
				COPY_PHASE_STRIP = NO;
				FRAMEWORK_SEARCH_PATHS = "\"/Developer/SDKs/OgreSDK/lib/release\"";
				GCC_C_LANGUAGE_STANDARD = gnu99;
				GCC_DYNAMIC_NO_PIC = NO;
				GCC_ENABLE_OBJC_EXCEPTIONS = YES;
				GCC_OPTIMIZATION_LEVEL = 0;
				GCC_PREPROCESSOR_DEFINITIONS = (
					"DEBUG=1",
					"$(inherited)",
				);
				GCC_SYMBOLS_PRIVATE_EXTERN = NO;
				GCC_VERSION = com.apple.compilers.llvm.clang.1_0;
				GCC_WARN_64_TO_32_BIT_CONVERSION = YES;
				GCC_WARN_ABOUT_RETURN_TYPE = YES;
				GCC_WARN_UNINITIALIZED_AUTOS = YES;
				GCC_WARN_UNUSED_VARIABLE = YES;
				HEADER_SEARCH_PATHS = (
					"\"/Developer/SDKs/OgreSDK/boost\"",
					"\"/Developer/SDKs/OgreSDK/include/OGRE\"",
					"\"/Developer/SDKs/OgreSDK/include/OIS\"",
					"\"/Developer/SDKs/OgreSDK/include/OGRE/OSX\"",
				);
				MACOSX_DEPLOYMENT_TARGET = 10.7;
				ONLY_ACTIVE_ARCH = YES;
				SDKROOT = "";
				VALID_ARCHS = i386;
			};
			name = Debug;
		};
		38D9A3A8159BB76300CCDA4B /* Release */ = {
			isa = XCBuildConfiguration;
			buildSettings = {
				ALWAYS_SEARCH_USER_PATHS = NO;
				ARCHS = "$(ARCHS_STANDARD_32_BIT)";
				COPY_PHASE_STRIP = YES;
				DEBUG_INFORMATION_FORMAT = "dwarf-with-dsym";
				FRAMEWORK_SEARCH_PATHS = "\"/Developer/SDKs/OgreSDK/lib/release\"";
				GCC_C_LANGUAGE_STANDARD = gnu99;
				GCC_ENABLE_OBJC_EXCEPTIONS = YES;
				GCC_VERSION = com.apple.compilers.llvm.clang.1_0;
				GCC_WARN_64_TO_32_BIT_CONVERSION = YES;
				GCC_WARN_ABOUT_RETURN_TYPE = YES;
				GCC_WARN_UNINITIALIZED_AUTOS = YES;
				GCC_WARN_UNUSED_VARIABLE = YES;
				HEADER_SEARCH_PATHS = (
					"\"/Developer/SDKs/OgreSDK/boost\"",
					"\"/Developer/SDKs/OgreSDK/include/OGRE\"",
					"\"/Developer/SDKs/OgreSDK/include/OIS\"",
					"\"/Developer/SDKs/OgreSDK/include/OGRE/OSX\"",
				);
				MACOSX_DEPLOYMENT_TARGET = 10.7;
				SDKROOT = "";
				VALID_ARCHS = i386;
			};
			name = Release;
		};
		38D9A3AA159BB76300CCDA4B /* Debug */ = {
			isa = XCBuildConfiguration;
			buildSettings = {
				FRAMEWORK_SEARCH_PATHS = (
					"$(inherited)",
					"\"/Developer/SDKs/OgreSDK/lib/release\"",
				);
				GCC_PRECOMPILE_PREFIX_HEADER = YES;
				INFOPLIST_FILE = "OgreBase/OgreBase-Info.plist";
				OTHER_LDFLAGS = "\"/Developer/SDKs/OgreSDK/lib/release/libOIS.a\"";
				PRODUCT_NAME = "$(TARGET_NAME)";
				WRAPPER_EXTENSION = app;
			};
			name = Debug;
		};
		38D9A3AB159BB76300CCDA4B /* Release */ = {
			isa = XCBuildConfiguration;
			buildSettings = {
				FRAMEWORK_SEARCH_PATHS = (
					"$(inherited)",
					"\"/Developer/SDKs/OgreSDK/lib/release\"",
				);
				GCC_PRECOMPILE_PREFIX_HEADER = YES;
				INFOPLIST_FILE = "OgreBase/OgreBase-Info.plist";
				OTHER_LDFLAGS = "\"/Developer/SDKs/OgreSDK/lib/release/libOIS.a\"";
				PRODUCT_NAME = "$(TARGET_NAME)";
				WRAPPER_EXTENSION = app;
			};
			name = Release;
		};
/* End XCBuildConfiguration section */

/* Begin XCConfigurationList section */
		38D9A385159BB76200CCDA4B /* Build configuration list for PBXProject "OgreBase" */ = {
			isa = XCConfigurationList;
			buildConfigurations = (
				38D9A3A7159BB76300CCDA4B /* Debug */,
				38D9A3A8159BB76300CCDA4B /* Release */,
			);
			defaultConfigurationIsVisible = 0;
			defaultConfigurationName = Release;
		};
		38D9A3A9159BB76300CCDA4B /* Build configuration list for PBXNativeTarget "OgreBase" */ = {
			isa = XCConfigurationList;
			buildConfigurations = (
				38D9A3AA159BB76300CCDA4B /* Debug */,
				38D9A3AB159BB76300CCDA4B /* Release */,
			);
			defaultConfigurationIsVisible = 0;
			defaultConfigurationName = Release;
		};
/* End XCConfigurationList section */
	};
	rootObject = 38D9A382159BB76200CCDA4B /* Project object */;
}
